lockfileVersion: 5.4

importers:

  .:
    specifiers:
      prettier: latest
      turbo: latest
    devDependencies:
      prettier: 2.7.1
      turbo: 1.5.5

packages:

  /prettier/2.7.1:
    resolution: {integrity: sha512-ujppO+MkdPqoVINuDFDRLClm7D78qbDt0/NR+wp5FqEZOoTNAjPHWj17QRhu7geIHJfcNhRk1XVQmF8Bp3ye+g==}
    engines: {node: '>=10.13.0'}
    hasBin: true
    dev: true

  /turbo-darwin-64/1.5.5:
    resolution: {integrity: sha512-HvEn6P2B+NXDekq9LRpRgUjcT9/oygLTcK47U0qsAJZXRBSq/2hvD7lx4nAwgY/4W3rhYJeWtHTzbhoN6BXqGQ==}
    cpu: [x64]
    os: [darwin]
    requiresBuild: true
    dev: true
    optional: true

  /turbo-darwin-arm64/1.5.5:
    resolution: {integrity: sha512-Dmxr09IUy6M0nc7/xWod9galIO2DD500B75sJSkHeT+CCdJOWnlinux0ZPF8CSygNqymwYO8AO2l15/6yxcycg==}
    cpu: [arm64]
    os: [darwin]
    requiresBuild: true
    dev: true
    optional: true

  /turbo-linux-64/1.5.5:
    resolution: {integrity: sha512-wd07TZ4zXXWjzZE00FcFMLmkybQQK/NV9ff66vvAV0vdiuacSMBCNLrD6Mm4ncfrUPW/rwFW5kU/7hyuEqqtDw==}
    cpu: [x64]
    os: [linux]
    requiresBuild: true
    dev: true
    optional: true

  /turbo-linux-arm64/1.5.5:
    resolution: {integrity: sha512-q3q33tuo74R7gicnfvFbnZZvqmlq7Vakcvx0eshifnJw4PR+oMnTCb4w8ElVFx070zsb8DVTibq99y8NJH8T1Q==}
    cpu: [arm64]
    os: [linux]
    requiresBuild: true
    dev: true
    optional: true

  /turbo-windows-64/1.5.5:
    resolution: {integrity: sha512-lPp9kHonNFfqgovbaW+UAPO5cLmoAN+m3G3FzqcrRPnlzt97vXYsDhDd/4Zy3oAKoAcprtP4CGy0ddisqsKTVw==}
    cpu: [x64]
    os: [win32]
    requiresBuild: true
    dev: true
    optional: true

  /turbo-windows-arm64/1.5.5:
    resolution: {integrity: sha512-3AfGULKNZiZVrEzsIE+W79ZRW1+f5r4nM4wLlJ1PTBHyRxBZdD6KTH1tijGfy/uTlcV5acYnKHEkDc6Q9PAXGQ==}
    cpu: [arm64]
    os: [win32]
    requiresBuild: true
    dev: true
    optional: true

  /turbo/1.5.5:
    resolution: {integrity: sha512-PVQSDl0STC9WXIyHcYUWs9gXsf8JjQig/FuHfuB8N6+XlgCGB3mPbfMEE6zrChGz2hufH4/guKRX1XJuNL6XTA==}
    hasBin: true
    requiresBuild: true
    optionalDependencies:
      turbo-darwin-64: 1.5.5
      turbo-darwin-arm64: 1.5.5
      turbo-linux-64: 1.5.5
      turbo-linux-arm64: 1.5.5
      turbo-windows-64: 1.5.5
      turbo-windows-arm64: 1.5.5
    dev: true
