lockfileVersion: 5.4

importers:

  .:
    specifiers:
      prettier: latest
      turbo: latest
    devDependencies:
      prettier: 2.7.1
      turbo: 1.5.5

  database:
    specifiers:
      '@prisma/client': 4.4.0
      prisma: 4.4.0
      uuid: 9.0.0
    devDependencies:
      '@prisma/client': 4.4.0_prisma@4.4.0
      prisma: 4.4.0
      uuid: 9.0.0

packages:

  /@prisma/client/4.4.0_prisma@4.4.0:
    resolution: {integrity: sha512-ciKOP246x1xwr04G9ajHlJ4pkmtu9Q6esVyqVBO0QJihaKQIUvbPjClp17IsRJyxqNpFm4ScbOc/s9DUzKHINQ==}
    engines: {node: '>=14.17'}
    requiresBuild: true
    peerDependencies:
      prisma: '*'
    peerDependenciesMeta:
      prisma:
        optional: true
    dependencies:
      '@prisma/engines-version': 4.4.0-66.f352a33b70356f46311da8b00d83386dd9f145d6
      prisma: 4.4.0
    dev: true

  /@prisma/engines-version/4.4.0-66.f352a33b70356f46311da8b00d83386dd9f145d6:
    resolution: {integrity: sha512-P5v/PuEIJLYXZUZBvOLPqoyCW+m6StNqHdiR6te++gYVODpPdLakks5HVx3JaZIY+LwR02juJWFlwpc9Eog/ug==}
    dev: true

  /@prisma/engines/4.4.0:
    resolution: {integrity: sha512-Fpykccxlt9MHrAs/QpPGpI2nOiRxuLA+LiApgA59ibbf24YICZIMWd3SI2YD+q0IAIso0jCGiHhirAIbxK3RyQ==}
    requiresBuild: true
    dev: true

  /prettier/2.7.1:
    resolution: {integrity: sha512-ujppO+MkdPqoVINuDFDRLClm7D78qbDt0/NR+wp5FqEZOoTNAjPHWj17QRhu7geIHJfcNhRk1XVQmF8Bp3ye+g==}
    engines: {node: '>=10.13.0'}
    hasBin: true
    dev: true

  /prisma/4.4.0:
    resolution: {integrity: sha512-l/QKLmLcKJQFuc+X02LyICo0NWTUVaNNZ00jKJBqwDyhwMAhboD1FWwYV50rkH4Wls0RviAJSFzkC2ZrfawpfA==}
    engines: {node: '>=14.17'}
    hasBin: true
    requiresBuild: true
    dependencies:
      '@prisma/engines': 4.4.0
    dev: true

  /turbo-darwin-64/1.5.5:
    resolution: {integrity: sha512-HvEn6P2B+NXDekq9LRpRgUjcT9/oygLTcK47U0qsAJZXRBSq/2hvD7lx4nAwgY/4W3rhYJeWtHTzbhoN6BXqGQ==}
    cpu: [x64]
    os: [darwin]
    requiresBuild: true
    dev: true
    optional: true

  /turbo-darwin-arm64/1.5.5:
    resolution: {integrity: sha512-Dmxr09IUy6M0nc7/xWod9galIO2DD500B75sJSkHeT+CCdJOWnlinux0ZPF8CSygNqymwYO8AO2l15/6yxcycg==}
    cpu: [arm64]
    os: [darwin]
    requiresBuild: true
    dev: true
    optional: true

  /turbo-linux-64/1.5.5:
    resolution: {integrity: sha512-wd07TZ4zXXWjzZE00FcFMLmkybQQK/NV9ff66vvAV0vdiuacSMBCNLrD6Mm4ncfrUPW/rwFW5kU/7hyuEqqtDw==}
    cpu: [x64]
    os: [linux]
    requiresBuild: true
    dev: true
    optional: true

  /turbo-linux-arm64/1.5.5:
    resolution: {integrity: sha512-q3q33tuo74R7gicnfvFbnZZvqmlq7Vakcvx0eshifnJw4PR+oMnTCb4w8ElVFx070zsb8DVTibq99y8NJH8T1Q==}
    cpu: [arm64]
    os: [linux]
    requiresBuild: true
    dev: true
    optional: true

  /turbo-windows-64/1.5.5:
    resolution: {integrity: sha512-lPp9kHonNFfqgovbaW+UAPO5cLmoAN+m3G3FzqcrRPnlzt97vXYsDhDd/4Zy3oAKoAcprtP4CGy0ddisqsKTVw==}
    cpu: [x64]
    os: [win32]
    requiresBuild: true
    dev: true
    optional: true

  /turbo-windows-arm64/1.5.5:
    resolution: {integrity: sha512-3AfGULKNZiZVrEzsIE+W79ZRW1+f5r4nM4wLlJ1PTBHyRxBZdD6KTH1tijGfy/uTlcV5acYnKHEkDc6Q9PAXGQ==}
    cpu: [arm64]
    os: [win32]
    requiresBuild: true
    dev: true
    optional: true

  /turbo/1.5.5:
    resolution: {integrity: sha512-PVQSDl0STC9WXIyHcYUWs9gXsf8JjQig/FuHfuB8N6+XlgCGB3mPbfMEE6zrChGz2hufH4/guKRX1XJuNL6XTA==}
    hasBin: true
    requiresBuild: true
    optionalDependencies:
      turbo-darwin-64: 1.5.5
      turbo-darwin-arm64: 1.5.5
      turbo-linux-64: 1.5.5
      turbo-linux-arm64: 1.5.5
      turbo-windows-64: 1.5.5
      turbo-windows-arm64: 1.5.5
    dev: true

  /uuid/9.0.0:
    resolution: {integrity: sha512-MXcSTerfPa4uqyzStbRoTgt5XIe3x5+42+q1sDuy3R5MDk66URdLMOZe5aPX/SQd+kuYAh0FdP/pO28IkQyTeg==}
    hasBin: true
    dev: true
